# THIS IS AN AUTOGENERATED FILE. DO NOT EDIT THIS FILE DIRECTLY.
# yarn lockfile v1


buffer-crc32@^0.2.3:
  version "0.2.13"
  resolved "https://registry.yarnpkg.com/buffer-crc32/-/buffer-crc32-0.2.13.tgz#0d333e3f00eac50aa1454abd30ef8c2a5d9a7242"
  integrity sha1-DTM+PwDqxQqhRUq9MO+MKl2ackI=

paypal-rest-sdk@^1.8.1:
  version "1.8.1"
  resolved "https://registry.yarnpkg.com/paypal-rest-sdk/-/paypal-rest-sdk-1.8.1.tgz#5023fd42f43da628d18cc00d6bd566eacba74528"
  integrity sha512-Trj2GuPn10GqpICAxQh5wjxuDT7rq7DMOkvyatz05wI5xPGmqXN7UC0WfDSF9WSBs4YdcWZP0g+nY+sOdaFggw==
  dependencies:
    buffer-crc32 "^0.2.3"
    semver "^5.0.3"

semver@^5.0.3:
  version "5.7.2"
  resolved "https://registry.yarnpkg.com/semver/-/semver-5.7.2.tgz#48d55db737c3287cd4835e17fa13feace1c41ef8"
  integrity sha512-cBznnQ9KjJqU67B52RMC65CMarK2600WFnbkcaiwWq3xy/5haFJlshgnpjovMVJ+Hff49d8GEn0b87C5pDQ10g==
